
Microsoft Visual Studio Solution File, Format Version 12.00
# Visual Studio Version 17
VisualStudioVersion = 17.4.33103.184
MinimumVisualStudioVersion = 10.0.40219.1
Project("{2150E333-8FDC-42A3-9474-1A3956D46DE8}") = "_Legacy", "_Legacy", "{4A85D136-199D-4230-9FFC-CCC18E8F5144}"
EndProject
Project("{2150E333-8FDC-42A3-9474-1A3956D46DE8}") = "_Blossom", "_Blossom", "{985A2B39-91B7-497A-AE12-2FE7E901FACA}"
EndProject
Project("{9A19103F-16F7-4668-BE54-9A1E7A4F7556}") = "Agrega", "Agrega\Agrega.csproj", "{8FAC2A64-E9E2-4A79-909F-5B614FAD9E69}"
EndProject
Project("{9A19103F-16F7-4668-BE54-9A1E7A4F7556}") = "agregadotnet.Features", "_Legacy\agregadotnet.Features\agregadotnet.Features.csproj", "{836DEE70-0AF0-4A44-8D56-4ABF8DDA1BB5}"
EndProject
Project("{9A19103F-16F7-4668-BE54-9A1E7A4F7556}") = "agregadotnet.Web", "_Legacy\agregadotnet.Web\agregadotnet.Web.csproj", "{99BC1A99-702F-43E1-AF6C-E1B640C92087}"
EndProject
Project("{9A19103F-16F7-4668-BE54-9A1E7A4F7556}") = "Sparc.Blossom.Core", "..\blossom\Sparc.Blossom.Core\Sparc.Blossom.Core.csproj", "{8A6FCE58-8F01-44DA-BCF5-0B957CFADFD5}"
EndProject
Project("{9A19103F-16F7-4668-BE54-9A1E7A4F7556}") = "Sparc.Blossom.ApiGenerator", "..\blossom\Sparc.Blossom.Server.ApiGenerator\Sparc.Blossom.ApiGenerator.csproj", "{45757C4D-1A37-47EC-A41F-2BD454878707}"
EndProject
Project("{9A19103F-16F7-4668-BE54-9A1E7A4F7556}") = "Sparc.Blossom", "..\blossom\Sparc.Blossom.Server\Sparc.Blossom.csproj", "{DDC173A6-47E5-44DD-956C-EE8EB5636300}"
EndProject
Global
	GlobalSection(SolutionConfigurationPlatforms) = preSolution
		Debug|Any CPU = Debug|Any CPU
		Debug|x64 = Debug|x64
		Release|Any CPU = Release|Any CPU
		Release|x64 = Release|x64
	EndGlobalSection
	GlobalSection(ProjectConfigurationPlatforms) = postSolution
		{8FAC2A64-E9E2-4A79-909F-5B614FAD9E69}.Debug|Any CPU.ActiveCfg = Debug|Any CPU
		{8FAC2A64-E9E2-4A79-909F-5B614FAD9E69}.Debug|Any CPU.Build.0 = Debug|Any CPU
		{8FAC2A64-E9E2-4A79-909F-5B614FAD9E69}.Debug|x64.ActiveCfg = Debug|Any CPU
		{8FAC2A64-E9E2-4A79-909F-5B614FAD9E69}.Debug|x64.Build.0 = Debug|Any CPU
		{8FAC2A64-E9E2-4A79-909F-5B614FAD9E69}.Release|Any CPU.ActiveCfg = Release|Any CPU
		{8FAC2A64-E9E2-4A79-909F-5B614FAD9E69}.Release|Any CPU.Build.0 = Release|Any CPU
		{8FAC2A64-E9E2-4A79-909F-5B614FAD9E69}.Release|x64.ActiveCfg = Release|Any CPU
		{8FAC2A64-E9E2-4A79-909F-5B614FAD9E69}.Release|x64.Build.0 = Release|Any CPU
		{836DEE70-0AF0-4A44-8D56-4ABF8DDA1BB5}.Debug|Any CPU.ActiveCfg = Debug|Any CPU
		{836DEE70-0AF0-4A44-8D56-4ABF8DDA1BB5}.Debug|Any CPU.Build.0 = Debug|Any CPU
		{836DEE70-0AF0-4A44-8D56-4ABF8DDA1BB5}.Debug|x64.ActiveCfg = Debug|x64
		{836DEE70-0AF0-4A44-8D56-4ABF8DDA1BB5}.Debug|x64.Build.0 = Debug|x64
		{836DEE70-0AF0-4A44-8D56-4ABF8DDA1BB5}.Release|Any CPU.ActiveCfg = Release|Any CPU
		{836DEE70-0AF0-4A44-8D56-4ABF8DDA1BB5}.Release|Any CPU.Build.0 = Release|Any CPU
		{836DEE70-0AF0-4A44-8D56-4ABF8DDA1BB5}.Release|x64.ActiveCfg = Release|x64
		{836DEE70-0AF0-4A44-8D56-4ABF8DDA1BB5}.Release|x64.Build.0 = Release|x64
		{99BC1A99-702F-43E1-AF6C-E1B640C92087}.Debug|Any CPU.ActiveCfg = Debug|Any CPU
		{99BC1A99-702F-43E1-AF6C-E1B640C92087}.Debug|Any CPU.Build.0 = Debug|Any CPU
		{99BC1A99-702F-43E1-AF6C-E1B640C92087}.Debug|x64.ActiveCfg = Debug|Any CPU
		{99BC1A99-702F-43E1-AF6C-E1B640C92087}.Debug|x64.Build.0 = Debug|Any CPU
		{99BC1A99-702F-43E1-AF6C-E1B640C92087}.Release|Any CPU.ActiveCfg = Release|Any CPU
		{99BC1A99-702F-43E1-AF6C-E1B640C92087}.Release|Any CPU.Build.0 = Release|Any CPU
		{99BC1A99-702F-43E1-AF6C-E1B640C92087}.Release|x64.ActiveCfg = Release|Any CPU
		{99BC1A99-702F-43E1-AF6C-E1B640C92087}.Release|x64.Build.0 = Release|Any CPU
		{8A6FCE58-8F01-44DA-BCF5-0B957CFADFD5}.Debug|Any CPU.ActiveCfg = Debug|Any CPU
		{8A6FCE58-8F01-44DA-BCF5-0B957CFADFD5}.Debug|Any CPU.Build.0 = Debug|Any CPU
		{8A6FCE58-8F01-44DA-BCF5-0B957CFADFD5}.Debug|x64.ActiveCfg = Debug|Any CPU
		{8A6FCE58-8F01-44DA-BCF5-0B957CFADFD5}.Debug|x64.Build.0 = Debug|Any CPU
		{8A6FCE58-8F01-44DA-BCF5-0B957CFADFD5}.Release|Any CPU.ActiveCfg = Release|Any CPU
		{8A6FCE58-8F01-44DA-BCF5-0B957CFADFD5}.Release|Any CPU.Build.0 = Release|Any CPU
		{8A6FCE58-8F01-44DA-BCF5-0B957CFADFD5}.Release|x64.ActiveCfg = Release|Any CPU
		{8A6FCE58-8F01-44DA-BCF5-0B957CFADFD5}.Release|x64.Build.0 = Release|Any CPU
		{45757C4D-1A37-47EC-A41F-2BD454878707}.Debug|Any CPU.ActiveCfg = Debug|Any CPU
		{45757C4D-1A37-47EC-A41F-2BD454878707}.Debug|Any CPU.Build.0 = Debug|Any CPU
		{45757C4D-1A37-47EC-A41F-2BD454878707}.Debug|x64.ActiveCfg = Debug|Any CPU
		{45757C4D-1A37-47EC-A41F-2BD454878707}.Debug|x64.Build.0 = Debug|Any CPU
		{45757C4D-1A37-47EC-A41F-2BD454878707}.Release|Any CPU.ActiveCfg = Release|Any CPU
		{45757C4D-1A37-47EC-A41F-2BD454878707}.Release|Any CPU.Build.0 = Release|Any CPU
		{45757C4D-1A37-47EC-A41F-2BD454878707}.Release|x64.ActiveCfg = Release|Any CPU
		{45757C4D-1A37-47EC-A41F-2BD454878707}.Release|x64.Build.0 = Release|Any CPU
		{DDC173A6-47E5-44DD-956C-EE8EB5636300}.Debug|Any CPU.ActiveCfg = Debug|Any CPU
		{DDC173A6-47E5-44DD-956C-EE8EB5636300}.Debug|Any CPU.Build.0 = Debug|Any CPU
		{DDC173A6-47E5-44DD-956C-EE8EB5636300}.Debug|x64.ActiveCfg = Debug|Any CPU
		{DDC173A6-47E5-44DD-956C-EE8EB5636300}.Debug|x64.Build.0 = Debug|Any CPU
		{DDC173A6-47E5-44DD-956C-EE8EB5636300}.Release|Any CPU.ActiveCfg = Release|Any CPU
		{DDC173A6-47E5-44DD-956C-EE8EB5636300}.Release|Any CPU.Build.0 = Release|Any CPU
		{DDC173A6-47E5-44DD-956C-EE8EB5636300}.Release|x64.ActiveCfg = Release|Any CPU
		{DDC173A6-47E5-44DD-956C-EE8EB5636300}.Release|x64.Build.0 = Release|Any CPU
	EndGlobalSection
	GlobalSection(SolutionProperties) = preSolution
		HideSolutionNode = FALSE
	EndGlobalSection
	GlobalSection(NestedProjects) = preSolution
		{836DEE70-0AF0-4A44-8D56-4ABF8DDA1BB5} = {4A85D136-199D-4230-9FFC-CCC18E8F5144}
		{99BC1A99-702F-43E1-AF6C-E1B640C92087} = {4A85D136-199D-4230-9FFC-CCC18E8F5144}
		{8A6FCE58-8F01-44DA-BCF5-0B957CFADFD5} = {985A2B39-91B7-497A-AE12-2FE7E901FACA}
		{45757C4D-1A37-47EC-A41F-2BD454878707} = {985A2B39-91B7-497A-AE12-2FE7E901FACA}
		{DDC173A6-47E5-44DD-956C-EE8EB5636300} = {985A2B39-91B7-497A-AE12-2FE7E901FACA}
	EndGlobalSection
	GlobalSection(ExtensibilityGlobals) = postSolution
		SolutionGuid = {58201C72-775B-436A-8512-E1B2D781FB51}
	EndGlobalSection
EndGlobal
